<?xml version="1.0" encoding="utf-8"?>
<Project ToolsVersion="4.0" xmlns="http://schemas.microsoft.com/developer/msbuild/2003">
  <ItemGroup>
    <Filter Include="libtga">
      <UniqueIdentifier>{0c13d362-93d3-4a6c-bce6-6b81cb5686f0}</UniqueIdentifier>
    </Filter>
    <Filter Include="imgui">
      <UniqueIdentifier>{07818045-d66a-4612-bd5c-7bf139c39101}</UniqueIdentifier>
    </Filter>
    <Filter Include="json">
      <UniqueIdentifier>{f6217458-c2d5-4cc6-9587-fd1ddc72d39a}</UniqueIdentifier>
    </Filter>
    <Filter Include="renderdoc">
      <UniqueIdentifier>{4533afd7-7d8d-4016-a0fd-db6c282455bb}</UniqueIdentifier>
    </Filter>
    <Filter Include="DirectX-Headers">
      <UniqueIdentifier>{e0ee94f9-4379-47e8-bce8-e8021b366d87}</UniqueIdentifier>
    </Filter>
  </ItemGroup>
  <ItemGroup>
    <ClInclude Include="libtga\include\Tga.h">
      <Filter>libtga</Filter>
    </ClInclude>
    <ClInclude Include="imgui\imgui.h">
      <Filter>imgui</Filter>
    </ClInclude>
    <ClInclude Include="imgui\imgui_internal.h">
      <Filter>imgui</Filter>
    </ClInclude>
    <ClInclude Include="imgui\stb_rect_pack.h">
      <Filter>imgui</Filter>
    </ClInclude>
    <ClInclude Include="imgui\stb_textedit.h">
      <Filter>imgui</Filter>
    </ClInclude>
    <ClInclude Include="imgui\stb_truetype.h">
      <Filter>imgui</Filter>
    </ClInclude>
    <ClInclude Include="json\include\json\autolink.h">
      <Filter>json</Filter>
    </ClInclude>
    <ClInclude Include="json\include\json\config.h">
      <Filter>json</Filter>
    </ClInclude>
    <ClInclude Include="json\include\json\features.h">
      <Filter>json</Filter>
    </ClInclude>
    <ClInclude Include="json\include\json\forwards.h">
      <Filter>json</Filter>
    </ClInclude>
    <ClInclude Include="json\include\json\json.h">
      <Filter>json</Filter>
    </ClInclude>
    <ClInclude Include="json\include\json\reader.h">
      <Filter>json</Filter>
    </ClInclude>
    <ClInclude Include="json\include\json\value.h">
      <Filter>json</Filter>
    </ClInclude>
    <ClInclude Include="json\include\json\writer.h">
      <Filter>json</Filter>
    </ClInclude>
    <ClInclude Include="json\src\lib_json\json_batchallocator.h">
      <Filter>json</Filter>
    </ClInclude>
    <ClInclude Include="json\src\lib_json\json_tool.h">
      <Filter>json</Filter>
    </ClInclude>
    <ClInclude Include="renderdoc\include\renderdoc_app.h">
      <Filter>renderdoc</Filter>
    </ClInclude>
    <ClInclude Include="renderdoc\include\RenderDoc.h">
      <Filter>renderdoc</Filter>
    </ClInclude>
    <ClInclude Include="DirectX-Headers\include\directx\d3dx12.h">
      <Filter>DirectX-Headers</Filter>
    </ClInclude>
  </ItemGroup>
  <ItemGroup>
    <ClCompile Include="libtga\src\Tga.cpp">
      <Filter>libtga</Filter>
    </ClCompile>
    <ClCompile Include="imgui\imgui.cpp">
      <Filter>imgui</Filter>
    </ClCompile>
    <ClCompile Include="imgui\imgui_demo.cpp">
      <Filter>imgui</Filter>
    </ClCompile>
    <ClCompile Include="imgui\imgui_draw.cpp">
      <Filter>imgui</Filter>
    </ClCompile>
    <ClCompile Include="json\src\lib_json\json_reader.cpp">
      <Filter>json</Filter>
    </ClCompile>
    <ClCompile Include="json\src\lib_json\json_value.cpp">
      <Filter>json</Filter>
    </ClCompile>
    <ClCompile Include="json\src\lib_json\json_writer.cpp">
      <Filter>json</Filter>
    </ClCompile>
    <ClCompile Include="renderdoc\source\RenderDoc.cpp">
      <Filter>renderdoc</Filter>
    </ClCompile>
  </ItemGroup>
  <ItemGroup>
    <None Include="json\src\lib_json\json_internalarray.inl">
      <Filter>json</Filter>
    </None>
    <None Include="json\src\lib_json\json_internalmap.inl">
      <Filter>json</Filter>
    </None>
    <None Include="json\src\lib_json\json_valueiterator.inl">
      <Filter>json</Filter>
    </None>
  </ItemGroup>
</Project>